// !$*UTF8*$!
{
	archiveVersion = 1;
	classes = {
	};
	objectVersion = 48;
	objects = {

/* Begin PBXBuildFile section */
		33D9E7CA200B683000FC6C99 /* AppDelegate.m in Sources */ = {isa = PBXBuildFile; fileRef = 33D9E7C9200B683000FC6C99 /* AppDelegate.m */; };
		33D9E7CD200B683000FC6C99 /* ViewController.m in Sources */ = {isa = PBXBuildFile; fileRef = 33D9E7CC200B683000FC6C99 /* ViewController.m */; };
		33D9E7D0200B683000FC6C99 /* Main.storyboard in Resources */ = {isa = PBXBuildFile; fileRef = 33D9E7CE200B683000FC6C99 /* Main.storyboard */; };
		33D9E7D2200B683000FC6C99 /* Assets.xcassets in Resources */ = {isa = PBXBuildFile; fileRef = 33D9E7D1200B683000FC6C99 /* Assets.xcassets */; };
		33D9E7D5200B683000FC6C99 /* LaunchScreen.storyboard in Resources */ = {isa = PBXBuildFile; fileRef = 33D9E7D3200B683000FC6C99 /* LaunchScreen.storyboard */; };
		33D9E7D8200B683000FC6C99 /* main.m in Sources */ = {isa = PBXBuildFile; fileRef = 33D9E7D7200B683000FC6C99 /* main.m */; };
		33D9E7E2200B683000FC6C99 /* HqLocalTests.m in Sources */ = {isa = PBXBuildFile; fileRef = 33D9E7E1200B683000FC6C99 /* HqLocalTests.m */; };
		33D9E7ED200B683000FC6C99 /* HqLocalUITests.m in Sources */ = {isa = PBXBuildFile; fileRef = 33D9E7EC200B683000FC6C99 /* HqLocalUITests.m */; };
/* End PBXBuildFile section */

/* Begin PBXContainerItemProxy section */
		33D9E7DE200B683000FC6C99 /* PBXContainerItemProxy */ = {
			isa = PBXContainerItemProxy;
			containerPortal = 33D9E7BD200B683000FC6C99 /* Project object */;
			proxyType = 1;
			remoteGlobalIDString = 33D9E7C4200B683000FC6C99;
			remoteInfo = HqLocal;
		};
		33D9E7E9200B683000FC6C99 /* PBXContainerItemProxy */ = {
			isa = PBXContainerItemProxy;
			containerPortal = 33D9E7BD200B683000FC6C99 /* Project object */;
			proxyType = 1;
			remoteGlobalIDString = 33D9E7C4200B683000FC6C99;
			remoteInfo = HqLocal;
		};
/* End PBXContainerItemProxy section */

/* Begin PBXFileReference section */
		33D9E7C5200B683000FC6C99 /* HqLocal.app */ = {isa = PBXFileReference; explicitFileType = wrapper.application; includeInIndex = 0; path = HqLocal.app; sourceTree = BUILT_PRODUCTS_DIR; };
		33D9E7C8200B683000FC6C99 /* AppDelegate.h */ = {isa = PBXFileReference; lastKnownFileType = sourcecode.c.h; path = AppDelegate.h; sourceTree = "<group>"; };
		33D9E7C9200B683000FC6C99 /* AppDelegate.m */ = {isa = PBXFileReference; lastKnownFileType = sourcecode.c.objc; path = AppDelegate.m; sourceTree = "<group>"; };
		33D9E7CB200B683000FC6C99 /* ViewController.h */ = {isa = PBXFileReference; lastKnownFileType = sourcecode.c.h; path = ViewController.h; sourceTree = "<group>"; };
		33D9E7CC200B683000FC6C99 /* ViewController.m */ = {isa = PBXFileReference; lastKnownFileType = sourcecode.c.objc; path = ViewController.m; sourceTree = "<group>"; };
		33D9E7CF200B683000FC6C99 /* Base */ = {isa = PBXFileReference; lastKnownFileType = file.storyboard; name = Base; path = Base.lproj/Main.storyboard; sourceTree = "<group>"; };
		33D9E7D1200B683000FC6C99 /* Assets.xcassets */ = {isa = PBXFileReference; lastKnownFileType = folder.assetcatalog; path = Assets.xcassets; sourceTree = "<group>"; };
		33D9E7D4200B683000FC6C99 /* Base */ = {isa = PBXFileReference; lastKnownFileType = file.storyboard; name = Base; path = Base.lproj/LaunchScreen.storyboard; sourceTree = "<group>"; };
		33D9E7D6200B683000FC6C99 /* Info.plist */ = {isa = PBXFileReference; lastKnownFileType = text.plist.xml; path = Info.plist; sourceTree = "<group>"; };
		33D9E7D7200B683000FC6C99 /* main.m */ = {isa = PBXFileReference; lastKnownFileType = sourcecode.c.objc; path = main.m; sourceTree = "<group>"; };
		33D9E7DD200B683000FC6C99 /* HqLocalTests.xctest */ = {isa = PBXFileReference; explicitFileType = wrapper.cfbundle; includeInIndex = 0; path = HqLocalTests.xctest; sourceTree = BUILT_PRODUCTS_DIR; };
		33D9E7E1200B683000FC6C99 /* HqLocalTests.m */ = {isa = PBXFileReference; lastKnownFileType = sourcecode.c.objc; path = HqLocalTests.m; sourceTree = "<group>"; };
		33D9E7E3200B683000FC6C99 /* Info.plist */ = {isa = PBXFileReference; lastKnownFileType = text.plist.xml; path = Info.plist; sourceTree = "<group>"; };
		33D9E7E8200B683000FC6C99 /* HqLocalUITests.xctest */ = {isa = PBXFileReference; explicitFileType = wrapper.cfbundle; includeInIndex = 0; path = HqLocalUITests.xctest; sourceTree = BUILT_PRODUCTS_DIR; };
		33D9E7EC200B683000FC6C99 /* HqLocalUITests.m */ = {isa = PBXFileReference; lastKnownFileType = sourcecode.c.objc; path = HqLocalUITests.m; sourceTree = "<group>"; };
		33D9E7EE200B683000FC6C99 /* Info.plist */ = {isa = PBXFileReference; lastKnownFileType = text.plist.xml; path = Info.plist; sourceTree = "<group>"; };
/* End PBXFileReference section */

/* Begin PBXFrameworksBuildPhase section */
		33D9E7C2200B683000FC6C99 /* Frameworks */ = {
			isa = PBXFrameworksBuildPhase;
			buildActionMask = 2147483647;
			files = (
			);
			runOnlyForDeploymentPostprocessing = 0;
		};
		33D9E7DA200B683000FC6C99 /* Frameworks */ = {
			isa = PBXFrameworksBuildPhase;
			buildActionMask = 2147483647;
			files = (
			);
			runOnlyForDeploymentPostprocessing = 0;
		};
		33D9E7E5200B683000FC6C99 /* Frameworks */ = {
			isa = PBXFrameworksBuildPhase;
			buildActionMask = 2147483647;
			files = (
			);
			runOnlyForDeploymentPostprocessing = 0;
		};
/* End PBXFrameworksBuildPhase section */

/* Begin PBXGroup section */
		33D9E7BC200B683000FC6C99 = {
			isa = PBXGroup;
			children = (
				33D9E7C7200B683000FC6C99 /* HqLocal */,
				33D9E7E0200B683000FC6C99 /* HqLocalTests */,
				33D9E7EB200B683000FC6C99 /* HqLocalUITests */,
				33D9E7C6200B683000FC6C99 /* Products */,
			);
			sourceTree = "<group>";
		};
		33D9E7C6200B683000FC6C99 /* Products */ = {
			isa = PBXGroup;
			children = (
				33D9E7C5200B683000FC6C99 /* HqLocal.app */,
				33D9E7DD200B683000FC6C99 /* HqLocalTests.xctest */,
				33D9E7E8200B683000FC6C99 /* HqLocalUITests.xctest */,
			);
			name = Products;
			sourceTree = "<group>";
		};
		33D9E7C7200B683000FC6C99 /* HqLocal */ = {
			isa = PBXGroup;
			children = (
				33D9E7C8200B683000FC6C99 /* AppDelegate.h */,
				33D9E7C9200B683000FC6C99 /* AppDelegate.m */,
				33D9E7CB200B683000FC6C99 /* ViewController.h */,
				33D9E7CC200B683000FC6C99 /* ViewController.m */,
				33D9E7CE200B683000FC6C99 /* Main.storyboard */,
				33D9E7D1200B683000FC6C99 /* Assets.xcassets */,
				33D9E7D3200B683000FC6C99 /* LaunchScreen.storyboard */,
				33D9E7D6200B683000FC6C99 /* Info.plist */,
				33D9E7D7200B683000FC6C99 /* main.m */,
			);
			path = HqLocal;
			sourceTree = "<group>";
		};
		33D9E7E0200B683000FC6C99 /* HqLocalTests */ = {
			isa = PBXGroup;
			children = (
				33D9E7E1200B683000FC6C99 /* HqLocalTests.m */,
				33D9E7E3200B683000FC6C99 /* Info.plist */,
			);
			path = HqLocalTests;
			sourceTree = "<group>";
		};
		33D9E7EB200B683000FC6C99 /* HqLocalUITests */ = {
			isa = PBXGroup;
			children = (
				33D9E7EC200B683000FC6C99 /* HqLocalUITests.m */,
				33D9E7EE200B683000FC6C99 /* Info.plist */,
			);
			path = HqLocalUITests;
			sourceTree = "<group>";
		};
/* End PBXGroup section */

/* Begin PBXNativeTarget section */
		33D9E7C4200B683000FC6C99 /* HqLocal */ = {
			isa = PBXNativeTarget;
			buildConfigurationList = 33D9E7F1200B683000FC6C99 /* Build configuration list for PBXNativeTarget "HqLocal" */;
			buildPhases = (
				33D9E7C1200B683000FC6C99 /* Sources */,
				33D9E7C2200B683000FC6C99 /* Frameworks */,
				33D9E7C3200B683000FC6C99 /* Resources */,
			);
			buildRules = (
			);
			dependencies = (
			);
			name = HqLocal;
			productName = HqLocal;
			productReference = 33D9E7C5200B683000FC6C99 /* HqLocal.app */;
			productType = "com.apple.product-type.application";
		};
		33D9E7DC200B683000FC6C99 /* HqLocalTests */ = {
			isa = PBXNativeTarget;
			buildConfigurationList = 33D9E7F4200B683000FC6C99 /* Build configuration list for PBXNativeTarget "HqLocalTests" */;
			buildPhases = (
				33D9E7D9200B683000FC6C99 /* Sources */,
				33D9E7DA200B683000FC6C99 /* Frameworks */,
				33D9E7DB200B683000FC6C99 /* Resources */,
			);
			buildRules = (
			);
			dependencies = (
				33D9E7DF200B683000FC6C99 /* PBXTargetDependency */,
			);
			name = HqLocalTests;
			productName = HqLocalTests;
			productReference = 33D9E7DD200B683000FC6C99 /* HqLocalTests.xctest */;
			productType = "com.apple.product-type.bundle.unit-test";
		};
		33D9E7E7200B683000FC6C99 /* HqLocalUITests */ = {
			isa = PBXNativeTarget;
			buildConfigurationList = 33D9E7F7200B683000FC6C99 /* Build configuration list for PBXNativeTarget "HqLocalUITests" */;
			buildPhases = (
				33D9E7E4200B683000FC6C99 /* Sources */,
				33D9E7E5200B683000FC6C99 /* Frameworks */,
				33D9E7E6200B683000FC6C99 /* Resources */,
			);
			buildRules = (
			);
			dependencies = (
				33D9E7EA200B683000FC6C99 /* PBXTargetDependency */,
			);
			name = HqLocalUITests;
			productName = HqLocalUITests;
			productReference = 33D9E7E8200B683000FC6C99 /* HqLocalUITests.xctest */;
			productType = "com.apple.product-type.bundle.ui-testing";
		};
/* End PBXNativeTarget section */

/* Begin PBXProject section */
		33D9E7BD200B683000FC6C99 /* Project object */ = {
			isa = PBXProject;
			attributes = {
				LastUpgradeCheck = 0920;
				ORGANIZATIONNAME = hehuiqi;
				TargetAttributes = {
					33D9E7C4200B683000FC6C99 = {
						CreatedOnToolsVersion = 9.2;
						ProvisioningStyle = Automatic;
					};
					33D9E7DC200B683000FC6C99 = {
						CreatedOnToolsVersion = 9.2;
						ProvisioningStyle = Automatic;
						TestTargetID = 33D9E7C4200B683000FC6C99;
					};
					33D9E7E7200B683000FC6C99 = {
						CreatedOnToolsVersion = 9.2;
						ProvisioningStyle = Automatic;
						TestTargetID = 33D9E7C4200B683000FC6C99;
					};
				};
			};
			buildConfigurationList = 33D9E7C0200B683000FC6C99 /* Build configuration list for PBXProject "HqLocal" */;
			compatibilityVersion = "Xcode 8.0";
			developmentRegion = en;
			hasScannedForEncodings = 0;
			knownRegions = (
				en,
				Base,
			);
			mainGroup = 33D9E7BC200B683000FC6C99;
			productRefGroup = 33D9E7C6200B683000FC6C99 /* Products */;
			projectDirPath = "";
			projectRoot = "";
			targets = (
				33D9E7C4200B683000FC6C99 /* HqLocal */,
				33D9E7DC200B683000FC6C99 /* HqLocalTests */,
				33D9E7E7200B683000FC6C99 /* HqLocalUITests */,
			);
		};
/* End PBXProject section */

/* Begin PBXResourcesBuildPhase section */
		33D9E7C3200B683000FC6C99 /* Resources */ = {
			isa = PBXResourcesBuildPhase;
			buildActionMask = 2147483647;
			files = (
				33D9E7D5200B683000FC6C99 /* LaunchScreen.storyboard in Resources */,
				33D9E7D2200B683000FC6C99 /* Assets.xcassets in Resources */,
				33D9E7D0200B683000FC6C99 /* Main.storyboard in Resources */,
			);
			runOnlyForDeploymentPostprocessing = 0;
		};
		33D9E7DB200B683000FC6C99 /* Resources */ = {
			isa = PBXResourcesBuildPhase;
			buildActionMask = 2147483647;
			files = (
			);
			runOnlyForDeploymentPostprocessing = 0;
		};
		33D9E7E6200B683000FC6C99 /* Resources */ = {
			isa = PBXResourcesBuildPhase;
			buildActionMask = 2147483647;
			files = (
			);
			runOnlyForDeploymentPostprocessing = 0;
		};
/* End PBXResourcesBuildPhase section */

/* Begin PBXSourcesBuildPhase section */
		33D9E7C1200B683000FC6C99 /* Sources */ = {
			isa = PBXSourcesBuildPhase;
			buildActionMask = 2147483647;
			files = (
				33D9E7CD200B683000FC6C99 /* ViewController.m in Sources */,
				33D9E7D8200B683000FC6C99 /* main.m in Sources */,
				33D9E7CA200B683000FC6C99 /* AppDelegate.m in Sources */,
			);
			runOnlyForDeploymentPostprocessing = 0;
		};
		33D9E7D9200B683000FC6C99 /* Sources */ = {
			isa = PBXSourcesBuildPhase;
			buildActionMask = 2147483647;
			files = (
				33D9E7E2200B683000FC6C99 /* HqLocalTests.m in Sources */,
			);
			runOnlyForDeploymentPostprocessing = 0;
		};
		33D9E7E4200B683000FC6C99 /* Sources */ = {
			isa = PBXSourcesBuildPhase;
			buildActionMask = 2147483647;
			files = (
				33D9E7ED200B683000FC6C99 /* HqLocalUITests.m in Sources */,
			);
			runOnlyForDeploymentPostprocessing = 0;
		};
/* End PBXSourcesBuildPhase section */

/* Begin PBXTargetDependency section */
		33D9E7DF200B683000FC6C99 /* PBXTargetDependency */ = {
			isa = PBXTargetDependency;
			target = 33D9E7C4200B683000FC6C99 /* HqLocal */;
			targetProxy = 33D9E7DE200B683000FC6C99 /* PBXContainerItemProxy */;
		};
		33D9E7EA200B683000FC6C99 /* PBXTargetDependency */ = {
			isa = PBXTargetDependency;
			target = 33D9E7C4200B683000FC6C99 /* HqLocal */;
			targetProxy = 33D9E7E9200B683000FC6C99 /* PBXContainerItemProxy */;
		};
/* End PBXTargetDependency section */

/* Begin PBXVariantGroup section */
		33D9E7CE200B683000FC6C99 /* Main.storyboard */ = {
			isa = PBXVariantGroup;
			children = (
				33D9E7CF200B683000FC6C99 /* Base */,
			);
			name = Main.storyboard;
			sourceTree = "<group>";
		};
		33D9E7D3200B683000FC6C99 /* LaunchScreen.storyboard */ = {
			isa = PBXVariantGroup;
			children = (
				33D9E7D4200B683000FC6C99 /* Base */,
			);
			name = LaunchScreen.storyboard;
			sourceTree = "<group>";
		};
/* End PBXVariantGroup section */

/* Begin XCBuildConfiguration section */
		33D9E7EF200B683000FC6C99 /* Debug */ = {
			isa = XCBuildConfiguration;
			buildSettings = {
				ALWAYS_SEARCH_USER_PATHS = NO;
				CLANG_ANALYZER_NONNULL = YES;
				CLANG_ANALYZER_NUMBER_OBJECT_CONVERSION = YES_AGGRESSIVE;
				CLANG_CXX_LANGUAGE_STANDARD = "gnu++14";
				CLANG_CXX_LIBRARY = "libc++";
				CLANG_ENABLE_MODULES = YES;
				CLANG_ENABLE_OBJC_ARC = YES;
				CLANG_WARN_BLOCK_CAPTURE_AUTORELEASING = YES;
				CLANG_WARN_BOOL_CONVERSION = YES;
				CLANG_WARN_COMMA = YES;
				CLANG_WARN_CONSTANT_CONVERSION = YES;
				CLANG_WARN_DIRECT_OBJC_ISA_USAGE = YES_ERROR;
				CLANG_WARN_DOCUMENTATION_COMMENTS = YES;
				CLANG_WARN_EMPTY_BODY = YES;
				CLANG_WARN_ENUM_CONVERSION = YES;
				CLANG_WARN_INFINITE_RECURSION = YES;
				CLANG_WARN_INT_CONVERSION = YES;
				CLANG_WARN_NON_LITERAL_NULL_CONVERSION = YES;
				CLANG_WARN_OBJC_LITERAL_CONVERSION = YES;
				CLANG_WARN_OBJC_ROOT_CLASS = YES_ERROR;
				CLANG_WARN_RANGE_LOOP_ANALYSIS = YES;
				CLANG_WARN_STRICT_PROTOTYPES = YES;
				CLANG_WARN_SUSPICIOUS_MOVE = YES;
				CLANG_WARN_UNGUARDED_AVAILABILITY = YES_AGGRESSIVE;
				CLANG_WARN_UNREACHABLE_CODE = YES;
				CLANG_WARN__DUPLICATE_METHOD_MATCH = YES;
				CODE_SIGN_IDENTITY = "iPhone Developer";
				COPY_PHASE_STRIP = NO;
				DEBUG_INFORMATION_FORMAT = dwarf;
				ENABLE_STRICT_OBJC_MSGSEND = YES;
				ENABLE_TESTABILITY = YES;
				GCC_C_LANGUAGE_STANDARD = gnu11;
				GCC_DYNAMIC_NO_PIC = NO;
				GCC_NO_COMMON_BLOCKS = YES;
				GCC_OPTIMIZATION_LEVEL = 0;
				GCC_PREPROCESSOR_DEFINITIONS = (
					"DEBUG=1",
					"$(inherited)",
				);
				GCC_WARN_64_TO_32_BIT_CONVERSION = YES;
				GCC_WARN_ABOUT_RETURN_TYPE = YES_ERROR;
				GCC_WARN_UNDECLARED_SELECTOR = YES;
				GCC_WARN_UNINITIALIZED_AUTOS = YES_AGGRESSIVE;
				GCC_WARN_UNUSED_FUNCTION = YES;
				GCC_WARN_UNUSED_VARIABLE = YES;
				IPHONEOS_DEPLOYMENT_TARGET = 11.2;
				MTL_ENABLE_DEBUG_INFO = YES;
				ONLY_ACTIVE_ARCH = YES;
				SDKROOT = iphoneos;
			};
			name = Debug;
		};
		33D9E7F0200B683000FC6C99 /* Release */ = {
			isa = XCBuildConfiguration;
			buildSettings = {
				ALWAYS_SEARCH_USER_PATHS = NO;
				CLANG_ANALYZER_NONNULL = YES;
				CLANG_ANALYZER_NUMBER_OBJECT_CONVERSION = YES_AGGRESSIVE;
				CLANG_CXX_LANGUAGE_STANDARD = "gnu++14";
				CLANG_CXX_LIBRARY = "libc++";
				CLANG_ENABLE_MODULES = YES;
				CLANG_ENABLE_OBJC_ARC = YES;
				CLANG_WARN_BLOCK_CAPTURE_AUTORELEASING = YES;
				CLANG_WARN_BOOL_CONVERSION = YES;
				CLANG_WARN_COMMA = YES;
				CLANG_WARN_CONSTANT_CONVERSION = YES;
				CLANG_WARN_DIRECT_OBJC_ISA_USAGE = YES_ERROR;
				CLANG_WARN_DOCUMENTATION_COMMENTS = YES;
				CLANG_WARN_EMPTY_BODY = YES;
				CLANG_WARN_ENUM_CONVERSION = YES;
				CLANG_WARN_INFINITE_RECURSION = YES;
				CLANG_WARN_INT_CONVERSION = YES;
				CLANG_WARN_NON_LITERAL_NULL_CONVERSION = YES;
				CLANG_WARN_OBJC_LITERAL_CONVERSION = YES;
				CLANG_WARN_OBJC_ROOT_CLASS = YES_ERROR;
				CLANG_WARN_RANGE_LOOP_ANALYSIS = YES;
				CLANG_WARN_STRICT_PROTOTYPES = YES;
				CLANG_WARN_SUSPICIOUS_MOVE = YES;
				CLANG_WARN_UNGUARDED_AVAILABILITY = YES_AGGRESSIVE;
				CLANG_WARN_UNREACHABLE_CODE = YES;
				CLANG_WARN__DUPLICATE_METHOD_MATCH = YES;
				CODE_SIGN_IDENTITY = "iPhone Developer";
				COPY_PHASE_STRIP = NO;
				DEBUG_INFORMATION_FORMAT = "dwarf-with-dsym";
				ENABLE_NS_ASSERTIONS = NO;
				ENABLE_STRICT_OBJC_MSGSEND = YES;
				GCC_C_LANGUAGE_STANDARD = gnu11;
				GCC_NO_COMMON_BLOCKS = YES;
				GCC_WARN_64_TO_32_BIT_CONVERSION = YES;
				GCC_WARN_ABOUT_RETURN_TYPE = YES_ERROR;
				GCC_WARN_UNDECLARED_SELECTOR = YES;
				GCC_WARN_UNINITIALIZED_AUTOS = YES_AGGRESSIVE;
				GCC_WARN_UNUSED_FUNCTION = YES;
				GCC_WARN_UNUSED_VARIABLE = YES;
				IPHONEOS_DEPLOYMENT_TARGET = 11.2;
				MTL_ENABLE_DEBUG_INFO = NO;
				SDKROOT = iphoneos;
				VALIDATE_PRODUCT = YES;
			};
			name = Release;
		};
		33D9E7F2200B683000FC6C99 /* Debug */ = {
			isa = XCBuildConfiguration;
			buildSettings = {
				ASSETCATALOG_COMPILER_APPICON_NAME = AppIcon;
				CODE_SIGN_STYLE = Automatic;
				INFOPLIST_FILE = HqLocal/Info.plist;
				LD_RUNPATH_SEARCH_PATHS = "$(inherited) @executable_path/Frameworks";
				PRODUCT_BUNDLE_IDENTIFIER = com.hhq.HqLocal;
				PRODUCT_NAME = "$(TARGET_NAME)";
				TARGETED_DEVICE_FAMILY = "1,2";
			};
			name = Debug;
		};
		33D9E7F3200B683000FC6C99 /* Release */ = {
			isa = XCBuildConfiguration;
			buildSettings = {
				ASSETCATALOG_COMPILER_APPICON_NAME = AppIcon;
				CODE_SIGN_STYLE = Automatic;
				INFOPLIST_FILE = HqLocal/Info.plist;
				LD_RUNPATH_SEARCH_PATHS = "$(inherited) @executable_path/Frameworks";
				PRODUCT_BUNDLE_IDENTIFIER = com.hhq.HqLocal;
				PRODUCT_NAME = "$(TARGET_NAME)";
				TARGETED_DEVICE_FAMILY = "1,2";
			};
			name = Release;
		};
		33D9E7F5200B683000FC6C99 /* Debug */ = {
			isa = XCBuildConfiguration;
			buildSettings = {
				BUNDLE_LOADER = "$(TEST_HOST)";
				CODE_SIGN_STYLE = Automatic;
				INFOPLIST_FILE = HqLocalTests/Info.plist;
				LD_RUNPATH_SEARCH_PATHS = "$(inherited) @executable_path/Frameworks @loader_path/Frameworks";
				PRODUCT_BUNDLE_IDENTIFIER = com.hhq.HqLocalTests;
				PRODUCT_NAME = "$(TARGET_NAME)";
				TARGETED_DEVICE_FAMILY = "1,2";
				TEST_HOST = "$(BUILT_PRODUCTS_DIR)/HqLocal.app/HqLocal";
			};
			name = Debug;
		};
		33D9E7F6200B683000FC6C99 /* Release */ = {
			isa = XCBuildConfiguration;
			buildSettings = {
				BUNDLE_LOADER = "$(TEST_HOST)";
				CODE_SIGN_STYLE = Automatic;
				INFOPLIST_FILE = HqLocalTests/Info.plist;
				LD_RUNPATH_SEARCH_PATHS = "$(inherited) @executable_path/Frameworks @loader_path/Frameworks";
				PRODUCT_BUNDLE_IDENTIFIER = com.hhq.HqLocalTests;
				PRODUCT_NAME = "$(TARGET_NAME)";
				TARGETED_DEVICE_FAMILY = "1,2";
				TEST_HOST = "$(BUILT_PRODUCTS_DIR)/HqLocal.app/HqLocal";
			};
			name = Release;
		};
		33D9E7F8200B683000FC6C99 /* Debug */ = {
			isa = XCBuildConfiguration;
			buildSettings = {
				CODE_SIGN_STYLE = Automatic;
				INFOPLIST_FILE = HqLocalUITests/Info.plist;
				LD_RUNPATH_SEARCH_PATHS = "$(inherited) @executable_path/Frameworks @loader_path/Frameworks";
				PRODUCT_BUNDLE_IDENTIFIER = com.hhq.HqLocalUITests;
				PRODUCT_NAME = "$(TARGET_NAME)";
				TARGETED_DEVICE_FAMILY = "1,2";
				TEST_TARGET_NAME = HqLocal;
			};
			name = Debug;
		};
		33D9E7F9200B683000FC6C99 /* Release */ = {
			isa = XCBuildConfiguration;
			buildSettings = {
				CODE_SIGN_STYLE = Automatic;
				INFOPLIST_FILE = HqLocalUITests/Info.plist;
				LD_RUNPATH_SEARCH_PATHS = "$(inherited) @executable_path/Frameworks @loader_path/Frameworks";
				PRODUCT_BUNDLE_IDENTIFIER = com.hhq.HqLocalUITests;
				PRODUCT_NAME = "$(TARGET_NAME)";
				TARGETED_DEVICE_FAMILY = "1,2";
				TEST_TARGET_NAME = HqLocal;
			};
			name = Release;
		};
/* End XCBuildConfiguration section */

/* Begin XCConfigurationList section */
		33D9E7C0200B683000FC6C99 /* Build configuration list for PBXProject "HqLocal" */ = {
			isa = XCConfigurationList;
			buildConfigurations = (
				33D9E7EF200B683000FC6C99 /* Debug */,
				33D9E7F0200B683000FC6C99 /* Release */,
			);
			defaultConfigurationIsVisible = 0;
			defaultConfigurationName = Release;
		};
		33D9E7F1200B683000FC6C99 /* Build configuration list for PBXNativeTarget "HqLocal" */ = {
			isa = XCConfigurationList;
			buildConfigurations = (
				33D9E7F2200B683000FC6C99 /* Debug */,
				33D9E7F3200B683000FC6C99 /* Release */,
			);
			defaultConfigurationIsVisible = 0;
			defaultConfigurationName = Release;
		};
		33D9E7F4200B683000FC6C99 /* Build configuration list for PBXNativeTarget "HqLocalTests" */ = {
			isa = XCConfigurationList;
			buildConfigurations = (
				33D9E7F5200B683000FC6C99 /* Debug */,
				33D9E7F6200B683000FC6C99 /* Release */,
			);
			defaultConfigurationIsVisible = 0;
			defaultConfigurationName = Release;
		};
		33D9E7F7200B683000FC6C99 /* Build configuration list for PBXNativeTarget "HqLocalUITests" */ = {
			isa = XCConfigurationList;
			buildConfigurations = (
				33D9E7F8200B683000FC6C99 /* Debug */,
				33D9E7F9200B683000FC6C99 /* Release */,
			);
			defaultConfigurationIsVisible = 0;
			defaultConfigurationName = Release;
		};
/* End XCConfigurationList section */
	};
	rootObject = 33D9E7BD200B683000FC6C99 /* Project object */;
}
